Microsoft Visual Studio Solution File, Format Version 12.00
# Visual Studio Version 17
VisualStudioVersion = 17.9.34714.143
MinimumVisualStudioVersion = 10.0.40219.1
Project("{9A19103F-16F7-4668-BE54-9A1E7A4F7556}") = "TutoringOps.Api", "TutoringOps.Api\TutoringOps.Api.csproj", "{7C1E4A10-0001-4A00-9B00-0000000000A1}"
EndProject
Project("{9A19103F-16F7-4668-BE54-9A1E7A4F7556}") = "TutoringOps.Api.Tests", "TutoringOps.Api.Tests\TutoringOps.Api.Tests.csproj", "{7C1E4A10-0002-4A00-9B00-0000000000A2}"
EndProject
Project("{9A19103F-16F7-4668-BE54-9A1E7A4F7556}") = "TutoringOps.Functions", "TutoringOps.Functions\TutoringOps.Functions.csproj", "{7C1E4A10-0003-4A00-9B00-0000000000A3}"
EndProject
Project("{9A19103F-16F7-4668-BE54-9A1E7A4F7556}") = "TutoringOps.Web", "TutoringOps.Web\TutoringOps.Web.csproj", "{7C1E4A10-0004-4A00-9B00-0000000000A4}"
EndProject
Global
	GlobalSection(SolutionConfigurationPlatforms) = preSolution
		Debug|Any CPU = Debug|Any CPU
		Release|Any CPU = Release|Any CPU
	EndGlobalSection
	GlobalSection(ProjectConfigurationPlatforms) = postSolution
		{7C1E4A10-0001-4A00-9B00-0000000000A1}.Debug|Any CPU.ActiveCfg = Debug|Any CPU
		{7C1E4A10-0001-4A00-9B00-0000000000A1}.Debug|Any CPU.Build.0 = Debug|Any CPU
		{7C1E4A10-0001-4A00-9B00-0000000000A1}.Release|Any CPU.ActiveCfg = Release|Any CPU
		{7C1E4A10-0001-4A00-9B00-0000000000A1}.Release|Any CPU.Build.0 = Release|Any CPU
		{7C1E4A10-0002-4A00-9B00-0000000000A2}.Debug|Any CPU.ActiveCfg = Debug|Any CPU
		{7C1E4A10-0002-4A00-9B00-0000000000A2}.Debug|Any CPU.Build.0 = Debug|Any CPU
		{7C1E4A10-0002-4A00-9B00-0000000000A2}.Release|Any CPU.ActiveCfg = Release|Any CPU
		{7C1E4A10-0002-4A00-9B00-0000000000A2}.Release|Any CPU.Build.0 = Release|Any CPU
		{7C1E4A10-0003-4A00-9B00-0000000000A3}.Debug|Any CPU.ActiveCfg = Debug|Any CPU
		{7C1E4A10-0003-4A00-9B00-0000000000A3}.Debug|Any CPU.Build.0 = Debug|Any CPU
		{7C1E4A10-0003-4A00-9B00-0000000000A3}.Release|Any CPU.ActiveCfg = Release|Any CPU
		{7C1E4A10-0003-4A00-9B00-0000000000A3}.Release|Any CPU.Build.0 = Release|Any CPU
		{7C1E4A10-0004-4A00-9B00-0000000000A4}.Debug|Any CPU.ActiveCfg = Debug|Any CPU
		{7C1E4A10-0004-4A00-9B00-0000000000A4}.Debug|Any CPU.Build.0 = Debug|Any CPU
		{7C1E4A10-0004-4A00-9B00-0000000000A4}.Release|Any CPU.ActiveCfg = Release|Any CPU
		{7C1E4A10-0004-4A00-9B00-0000000000A4}.Release|Any CPU.Build.0 = Release|Any CPU
	EndGlobalSection
	GlobalSection(SolutionProperties) = preSolution
		HideSolutionNode = FALSE
	EndGlobalSection
	GlobalSection(ExtensibilityGlobals) = postSolution
		SolutionGuid = {7C1E4A10-9999-4A00-9B00-0000000000FF}
	EndGlobalSection
EndGlobal
